
Microsoft Visual Studio Solution File, Format Version 12.00
Project("{FAE04EC0-301F-11D3-BF4B-00C04F79EFBC}") = "IdentityService.Api", "IdentityService.Api\IdentityService.Api.csproj", "{62CDE14E-51AD-46B0-B53D-BE2C3437DFD7}"
EndProject
Project("{2150E333-8FDC-42A3-9474-1A3956D46DE8}") = "Source", "Source", "{3FE44CEA-4B42-44F1-87EF-FE40A94B8E00}"
EndProject
Project("{2150E333-8FDC-42A3-9474-1A3956D46DE8}") = "Solution Items", "Solution Items", "{512BB2D3-D35F-457C-A2B8-A42D09BFCAA3}"
	ProjectSection(SolutionItems) = preProject
		Directory.Build.props = Directory.Build.props
		Directory.Packages.props = Directory.Packages.props
	EndProjectSection
EndProject
Project("{2150E333-8FDC-42A3-9474-1A3956D46DE8}") = "Tests", "Tests", "{28900D46-2234-4CDD-9F72-0B18CF954298}"
EndProject
Project("{FAE04EC0-301F-11D3-BF4B-00C04F79EFBC}") = "IdentityService.Application", "IdentityService.Application\IdentityService.Application.csproj", "{AC3660A4-D7D3-4640-8458-2DB1D838A275}"
EndProject
Project("{FAE04EC0-301F-11D3-BF4B-00C04F79EFBC}") = "IdentityService.Mongo", "IdentityService.Mongo\IdentityService.Mongo.csproj", "{D8C17B5A-2125-48BD-B8C7-2C78D65A4007}"
EndProject
Project("{FAE04EC0-301F-11D3-BF4B-00C04F79EFBC}") = "IdentityService.Infrastructure", "IdentityService.Infrastructure\IdentityService.Infrastructure.csproj", "{5341048C-CE22-4FAD-8F64-34AC35F6B3E8}"
EndProject
Global
	GlobalSection(SolutionConfigurationPlatforms) = preSolution
		Debug|Any CPU = Debug|Any CPU
		Release|Any CPU = Release|Any CPU
	EndGlobalSection
	GlobalSection(ProjectConfigurationPlatforms) = postSolution
		{62CDE14E-51AD-46B0-B53D-BE2C3437DFD7}.Debug|Any CPU.ActiveCfg = Debug|Any CPU
		{62CDE14E-51AD-46B0-B53D-BE2C3437DFD7}.Debug|Any CPU.Build.0 = Debug|Any CPU
		{62CDE14E-51AD-46B0-B53D-BE2C3437DFD7}.Release|Any CPU.ActiveCfg = Release|Any CPU
		{62CDE14E-51AD-46B0-B53D-BE2C3437DFD7}.Release|Any CPU.Build.0 = Release|Any CPU
		{AC3660A4-D7D3-4640-8458-2DB1D838A275}.Debug|Any CPU.ActiveCfg = Debug|Any CPU
		{AC3660A4-D7D3-4640-8458-2DB1D838A275}.Debug|Any CPU.Build.0 = Debug|Any CPU
		{AC3660A4-D7D3-4640-8458-2DB1D838A275}.Release|Any CPU.ActiveCfg = Release|Any CPU
		{AC3660A4-D7D3-4640-8458-2DB1D838A275}.Release|Any CPU.Build.0 = Release|Any CPU
		{D8C17B5A-2125-48BD-B8C7-2C78D65A4007}.Debug|Any CPU.ActiveCfg = Debug|Any CPU
		{D8C17B5A-2125-48BD-B8C7-2C78D65A4007}.Debug|Any CPU.Build.0 = Debug|Any CPU
		{D8C17B5A-2125-48BD-B8C7-2C78D65A4007}.Release|Any CPU.ActiveCfg = Release|Any CPU
		{D8C17B5A-2125-48BD-B8C7-2C78D65A4007}.Release|Any CPU.Build.0 = Release|Any CPU
		{5341048C-CE22-4FAD-8F64-34AC35F6B3E8}.Debug|Any CPU.ActiveCfg = Debug|Any CPU
		{5341048C-CE22-4FAD-8F64-34AC35F6B3E8}.Debug|Any CPU.Build.0 = Debug|Any CPU
		{5341048C-CE22-4FAD-8F64-34AC35F6B3E8}.Release|Any CPU.ActiveCfg = Release|Any CPU
		{5341048C-CE22-4FAD-8F64-34AC35F6B3E8}.Release|Any CPU.Build.0 = Release|Any CPU
	EndGlobalSection
	GlobalSection(NestedProjects) = preSolution
		{62CDE14E-51AD-46B0-B53D-BE2C3437DFD7} = {3FE44CEA-4B42-44F1-87EF-FE40A94B8E00}
		{AC3660A4-D7D3-4640-8458-2DB1D838A275} = {3FE44CEA-4B42-44F1-87EF-FE40A94B8E00}
		{D8C17B5A-2125-48BD-B8C7-2C78D65A4007} = {3FE44CEA-4B42-44F1-87EF-FE40A94B8E00}
		{5341048C-CE22-4FAD-8F64-34AC35F6B3E8} = {3FE44CEA-4B42-44F1-87EF-FE40A94B8E00}
	EndGlobalSection
EndGlobal
