
Microsoft Visual Studio Solution File, Format Version 12.00
Project("{FAE04EC0-301F-11D3-BF4B-00C04F79EFBC}") = "AutomationTests", "AutomationTests\AutomationTests.csproj", "{311689FC-EB87-4EF7-B056-26D9EB2B30BE}"
EndProject
Project("{FAE04EC0-301F-11D3-BF4B-00C04F79EFBC}") = "AutomationTests.Core", "AutomationTests.Core\AutomationTests.Core.csproj", "{853C9106-5712-414F-AC1D-CCE418933878}"
EndProject
Project("{FAE04EC0-301F-11D3-BF4B-00C04F79EFBC}") = "AutomationTests.Models", "AutomationTests.Models\AutomationTests.Models.csproj", "{625DC022-E986-442D-BF3F-F5FD7B2F63E2}"
EndProject
Project("{2150E333-8FDC-42A3-9474-1A3956D46DE8}") = "Source", "Source", "{63E01829-0F25-4A4B-95A9-B0EB99BEBC90}"
EndProject
Global
	GlobalSection(SolutionConfigurationPlatforms) = preSolution
		Debug|Any CPU = Debug|Any CPU
		Release|Any CPU = Release|Any CPU
	EndGlobalSection
	GlobalSection(ProjectConfigurationPlatforms) = postSolution
		{311689FC-EB87-4EF7-B056-26D9EB2B30BE}.Debug|Any CPU.ActiveCfg = Debug|Any CPU
		{311689FC-EB87-4EF7-B056-26D9EB2B30BE}.Debug|Any CPU.Build.0 = Debug|Any CPU
		{311689FC-EB87-4EF7-B056-26D9EB2B30BE}.Release|Any CPU.ActiveCfg = Release|Any CPU
		{311689FC-EB87-4EF7-B056-26D9EB2B30BE}.Release|Any CPU.Build.0 = Release|Any CPU
		{853C9106-5712-414F-AC1D-CCE418933878}.Debug|Any CPU.ActiveCfg = Debug|Any CPU
		{853C9106-5712-414F-AC1D-CCE418933878}.Debug|Any CPU.Build.0 = Debug|Any CPU
		{853C9106-5712-414F-AC1D-CCE418933878}.Release|Any CPU.ActiveCfg = Release|Any CPU
		{853C9106-5712-414F-AC1D-CCE418933878}.Release|Any CPU.Build.0 = Release|Any CPU
		{625DC022-E986-442D-BF3F-F5FD7B2F63E2}.Debug|Any CPU.ActiveCfg = Debug|Any CPU
		{625DC022-E986-442D-BF3F-F5FD7B2F63E2}.Debug|Any CPU.Build.0 = Debug|Any CPU
		{625DC022-E986-442D-BF3F-F5FD7B2F63E2}.Release|Any CPU.ActiveCfg = Release|Any CPU
		{625DC022-E986-442D-BF3F-F5FD7B2F63E2}.Release|Any CPU.Build.0 = Release|Any CPU
	EndGlobalSection
	GlobalSection(NestedProjects) = preSolution
		{311689FC-EB87-4EF7-B056-26D9EB2B30BE} = {63E01829-0F25-4A4B-95A9-B0EB99BEBC90}
		{853C9106-5712-414F-AC1D-CCE418933878} = {63E01829-0F25-4A4B-95A9-B0EB99BEBC90}
		{625DC022-E986-442D-BF3F-F5FD7B2F63E2} = {63E01829-0F25-4A4B-95A9-B0EB99BEBC90}
	EndGlobalSection
EndGlobal
