
Microsoft Visual Studio Solution File, Format Version 12.00
Project("{FAE04EC0-301F-11D3-BF4B-00C04F79EFBC}") = "Cineverse.Api", "Cineverse.Api\Cineverse.Api.csproj", "{A1B26297-06E4-44CD-89DA-22481A4595A0}"
EndProject
Project("{2150E333-8FDC-42A3-9474-1A3956D46DE8}") = "Solution Items", "Solution Items", "{EB4A124C-B5A9-4A3D-8907-4C6F32ECF0F6}"
	ProjectSection(SolutionItems) = preProject
		compose.yaml = compose.yaml
		Directory.Build.props = Directory.Build.props
		Directory.Packages.props = Directory.Packages.props
	EndProjectSection
EndProject
Project("{2150E333-8FDC-42A3-9474-1A3956D46DE8}") = "Source", "Source", "{CF0C5AAD-DD1B-4D2E-989B-7A5EEDF8BE95}"
EndProject
Project("{2150E333-8FDC-42A3-9474-1A3956D46DE8}") = "Tests", "Tests", "{87EE2F4E-0BD3-4631-BB32-6DA84F6BFD5C}"
EndProject
Project("{FAE04EC0-301F-11D3-BF4B-00C04F79EFBC}") = "Cineverse.Mongo", "Cineverse.Mongo\Cineverse.Mongo.csproj", "{52AEE72F-8F7A-4260-8FE3-BA68FD9137A9}"
EndProject
Project("{FAE04EC0-301F-11D3-BF4B-00C04F79EFBC}") = "Cineverse.Mongo.Migrations", "Cineverse.Mongo.Migrations\Cineverse.Mongo.Migrations.csproj", "{167AFBE9-699B-4786-82C7-13C8912EFEA9}"
EndProject
Project("{FAE04EC0-301F-11D3-BF4B-00C04F79EFBC}") = "Cineverse.Application", "Cineverse.Application\Cineverse.Application.csproj", "{2ECB7F0E-273B-48E5-BFEB-82DD596B8C22}"
EndProject
Global
	GlobalSection(SolutionConfigurationPlatforms) = preSolution
		Debug|Any CPU = Debug|Any CPU
		Release|Any CPU = Release|Any CPU
	EndGlobalSection
	GlobalSection(ProjectConfigurationPlatforms) = postSolution
		{A1B26297-06E4-44CD-89DA-22481A4595A0}.Debug|Any CPU.ActiveCfg = Debug|Any CPU
		{A1B26297-06E4-44CD-89DA-22481A4595A0}.Debug|Any CPU.Build.0 = Debug|Any CPU
		{A1B26297-06E4-44CD-89DA-22481A4595A0}.Release|Any CPU.ActiveCfg = Release|Any CPU
		{A1B26297-06E4-44CD-89DA-22481A4595A0}.Release|Any CPU.Build.0 = Release|Any CPU
		{52AEE72F-8F7A-4260-8FE3-BA68FD9137A9}.Debug|Any CPU.ActiveCfg = Debug|Any CPU
		{52AEE72F-8F7A-4260-8FE3-BA68FD9137A9}.Debug|Any CPU.Build.0 = Debug|Any CPU
		{52AEE72F-8F7A-4260-8FE3-BA68FD9137A9}.Release|Any CPU.ActiveCfg = Release|Any CPU
		{52AEE72F-8F7A-4260-8FE3-BA68FD9137A9}.Release|Any CPU.Build.0 = Release|Any CPU
		{167AFBE9-699B-4786-82C7-13C8912EFEA9}.Debug|Any CPU.ActiveCfg = Debug|Any CPU
		{167AFBE9-699B-4786-82C7-13C8912EFEA9}.Debug|Any CPU.Build.0 = Debug|Any CPU
		{167AFBE9-699B-4786-82C7-13C8912EFEA9}.Release|Any CPU.ActiveCfg = Release|Any CPU
		{167AFBE9-699B-4786-82C7-13C8912EFEA9}.Release|Any CPU.Build.0 = Release|Any CPU
		{2ECB7F0E-273B-48E5-BFEB-82DD596B8C22}.Debug|Any CPU.ActiveCfg = Debug|Any CPU
		{2ECB7F0E-273B-48E5-BFEB-82DD596B8C22}.Debug|Any CPU.Build.0 = Debug|Any CPU
		{2ECB7F0E-273B-48E5-BFEB-82DD596B8C22}.Release|Any CPU.ActiveCfg = Release|Any CPU
		{2ECB7F0E-273B-48E5-BFEB-82DD596B8C22}.Release|Any CPU.Build.0 = Release|Any CPU
	EndGlobalSection
	GlobalSection(NestedProjects) = preSolution
		{A1B26297-06E4-44CD-89DA-22481A4595A0} = {CF0C5AAD-DD1B-4D2E-989B-7A5EEDF8BE95}
		{52AEE72F-8F7A-4260-8FE3-BA68FD9137A9} = {CF0C5AAD-DD1B-4D2E-989B-7A5EEDF8BE95}
		{167AFBE9-699B-4786-82C7-13C8912EFEA9} = {CF0C5AAD-DD1B-4D2E-989B-7A5EEDF8BE95}
		{2ECB7F0E-273B-48E5-BFEB-82DD596B8C22} = {CF0C5AAD-DD1B-4D2E-989B-7A5EEDF8BE95}
	EndGlobalSection
EndGlobal
