
Microsoft Visual Studio Solution File, Format Version 12.00
Project("{FAE04EC0-301F-11D3-BF4B-00C04F79EFBC}") = "Infrastructure.WebApi", "Infrastructure.WebApi\Infrastructure.WebApi.csproj", "{EC8AB0C1-27F5-4A63-A079-7376E27B1ABB}"
EndProject
Project("{FAE04EC0-301F-11D3-BF4B-00C04F79EFBC}") = "Infrastructure.Logging", "Infrastructure.Logging\Infrastructure.Logging.csproj", "{475B545D-82CA-472D-9CB6-38F1F377ACB0}"
EndProject
Project("{FAE04EC0-301F-11D3-BF4B-00C04F79EFBC}") = "Infrastructure.Mongo", "Infrastructure.Mongo\Infrastructure.Mongo.csproj", "{35947EF0-11B5-45F6-A353-0C9BB60EAD75}"
EndProject
Project("{FAE04EC0-301F-11D3-BF4B-00C04F79EFBC}") = "Infrastructure.Mongo.Migrations", "Infrastructure.Mongo.Migrations\Infrastructure.Mongo.Migrations.csproj", "{3D4195A3-8EB2-492D-A28A-42BE42BC8480}"
EndProject
Project("{2150E333-8FDC-42A3-9474-1A3956D46DE8}") = "Source", "Source", "{9818B8BE-F113-41C3-9CAE-AC361E23A8C9}"
EndProject
Project("{FAE04EC0-301F-11D3-BF4B-00C04F79EFBC}") = "Infrastructure.HealthCheck", "Infrastructure.HealthCheck\Infrastructure.HealthCheck.csproj", "{4EF29C69-DDC5-4D1B-A3C5-5504CF27068E}"
EndProject
Project("{FAE04EC0-301F-11D3-BF4B-00C04F79EFBC}") = "Infrastructure.Kafka", "Infrastructure.Kafka\Infrastructure.Kafka.csproj", "{9F362A73-B969-4DDC-AB95-3BA77760F9E0}"
EndProject
Project("{FAE04EC0-301F-11D3-BF4B-00C04F79EFBC}") = "Infrastructure.Common", "Infrastructure.Common\Infrastructure.Common.csproj", "{B78E693A-123F-4A89-9380-DE2B1FD97886}"
EndProject
Project("{FAE04EC0-301F-11D3-BF4B-00C04F79EFBC}") = "Infrastructure.Context", "Infrastructure.Context\Infrastructure.Context.csproj", "{66505D7F-9FC4-47FF-B05D-1927E87A38BA}"
EndProject
Project("{FAE04EC0-301F-11D3-BF4B-00C04F79EFBC}") = "Infrastructure.MediatR", "Infrastructure.MediatR\Infrastructure.MediatR.csproj", "{EB1FEC94-EA8A-4909-ACF7-79885200866F}"
EndProject
Global
	GlobalSection(SolutionConfigurationPlatforms) = preSolution
		Debug|Any CPU = Debug|Any CPU
		Release|Any CPU = Release|Any CPU
	EndGlobalSection
	GlobalSection(ProjectConfigurationPlatforms) = postSolution
		{EC8AB0C1-27F5-4A63-A079-7376E27B1ABB}.Debug|Any CPU.ActiveCfg = Debug|Any CPU
		{EC8AB0C1-27F5-4A63-A079-7376E27B1ABB}.Debug|Any CPU.Build.0 = Debug|Any CPU
		{EC8AB0C1-27F5-4A63-A079-7376E27B1ABB}.Release|Any CPU.ActiveCfg = Release|Any CPU
		{EC8AB0C1-27F5-4A63-A079-7376E27B1ABB}.Release|Any CPU.Build.0 = Release|Any CPU
		{475B545D-82CA-472D-9CB6-38F1F377ACB0}.Debug|Any CPU.ActiveCfg = Debug|Any CPU
		{475B545D-82CA-472D-9CB6-38F1F377ACB0}.Debug|Any CPU.Build.0 = Debug|Any CPU
		{475B545D-82CA-472D-9CB6-38F1F377ACB0}.Release|Any CPU.ActiveCfg = Release|Any CPU
		{475B545D-82CA-472D-9CB6-38F1F377ACB0}.Release|Any CPU.Build.0 = Release|Any CPU
		{35947EF0-11B5-45F6-A353-0C9BB60EAD75}.Debug|Any CPU.ActiveCfg = Debug|Any CPU
		{35947EF0-11B5-45F6-A353-0C9BB60EAD75}.Debug|Any CPU.Build.0 = Debug|Any CPU
		{35947EF0-11B5-45F6-A353-0C9BB60EAD75}.Release|Any CPU.ActiveCfg = Release|Any CPU
		{35947EF0-11B5-45F6-A353-0C9BB60EAD75}.Release|Any CPU.Build.0 = Release|Any CPU
		{3D4195A3-8EB2-492D-A28A-42BE42BC8480}.Debug|Any CPU.ActiveCfg = Debug|Any CPU
		{3D4195A3-8EB2-492D-A28A-42BE42BC8480}.Debug|Any CPU.Build.0 = Debug|Any CPU
		{3D4195A3-8EB2-492D-A28A-42BE42BC8480}.Release|Any CPU.ActiveCfg = Release|Any CPU
		{3D4195A3-8EB2-492D-A28A-42BE42BC8480}.Release|Any CPU.Build.0 = Release|Any CPU
		{4EF29C69-DDC5-4D1B-A3C5-5504CF27068E}.Debug|Any CPU.ActiveCfg = Debug|Any CPU
		{4EF29C69-DDC5-4D1B-A3C5-5504CF27068E}.Debug|Any CPU.Build.0 = Debug|Any CPU
		{4EF29C69-DDC5-4D1B-A3C5-5504CF27068E}.Release|Any CPU.ActiveCfg = Release|Any CPU
		{4EF29C69-DDC5-4D1B-A3C5-5504CF27068E}.Release|Any CPU.Build.0 = Release|Any CPU
		{9F362A73-B969-4DDC-AB95-3BA77760F9E0}.Debug|Any CPU.ActiveCfg = Debug|Any CPU
		{9F362A73-B969-4DDC-AB95-3BA77760F9E0}.Debug|Any CPU.Build.0 = Debug|Any CPU
		{9F362A73-B969-4DDC-AB95-3BA77760F9E0}.Release|Any CPU.ActiveCfg = Release|Any CPU
		{9F362A73-B969-4DDC-AB95-3BA77760F9E0}.Release|Any CPU.Build.0 = Release|Any CPU
		{B78E693A-123F-4A89-9380-DE2B1FD97886}.Debug|Any CPU.ActiveCfg = Debug|Any CPU
		{B78E693A-123F-4A89-9380-DE2B1FD97886}.Debug|Any CPU.Build.0 = Debug|Any CPU
		{B78E693A-123F-4A89-9380-DE2B1FD97886}.Release|Any CPU.ActiveCfg = Release|Any CPU
		{B78E693A-123F-4A89-9380-DE2B1FD97886}.Release|Any CPU.Build.0 = Release|Any CPU
		{66505D7F-9FC4-47FF-B05D-1927E87A38BA}.Debug|Any CPU.ActiveCfg = Debug|Any CPU
		{66505D7F-9FC4-47FF-B05D-1927E87A38BA}.Debug|Any CPU.Build.0 = Debug|Any CPU
		{66505D7F-9FC4-47FF-B05D-1927E87A38BA}.Release|Any CPU.ActiveCfg = Release|Any CPU
		{66505D7F-9FC4-47FF-B05D-1927E87A38BA}.Release|Any CPU.Build.0 = Release|Any CPU
		{EB1FEC94-EA8A-4909-ACF7-79885200866F}.Debug|Any CPU.ActiveCfg = Debug|Any CPU
		{EB1FEC94-EA8A-4909-ACF7-79885200866F}.Debug|Any CPU.Build.0 = Debug|Any CPU
		{EB1FEC94-EA8A-4909-ACF7-79885200866F}.Release|Any CPU.ActiveCfg = Release|Any CPU
		{EB1FEC94-EA8A-4909-ACF7-79885200866F}.Release|Any CPU.Build.0 = Release|Any CPU
	EndGlobalSection
	GlobalSection(NestedProjects) = preSolution
		{475B545D-82CA-472D-9CB6-38F1F377ACB0} = {9818B8BE-F113-41C3-9CAE-AC361E23A8C9}
		{35947EF0-11B5-45F6-A353-0C9BB60EAD75} = {9818B8BE-F113-41C3-9CAE-AC361E23A8C9}
		{3D4195A3-8EB2-492D-A28A-42BE42BC8480} = {9818B8BE-F113-41C3-9CAE-AC361E23A8C9}
		{EC8AB0C1-27F5-4A63-A079-7376E27B1ABB} = {9818B8BE-F113-41C3-9CAE-AC361E23A8C9}
		{4EF29C69-DDC5-4D1B-A3C5-5504CF27068E} = {9818B8BE-F113-41C3-9CAE-AC361E23A8C9}
		{9F362A73-B969-4DDC-AB95-3BA77760F9E0} = {9818B8BE-F113-41C3-9CAE-AC361E23A8C9}
		{B78E693A-123F-4A89-9380-DE2B1FD97886} = {9818B8BE-F113-41C3-9CAE-AC361E23A8C9}
		{66505D7F-9FC4-47FF-B05D-1927E87A38BA} = {9818B8BE-F113-41C3-9CAE-AC361E23A8C9}
		{EB1FEC94-EA8A-4909-ACF7-79885200866F} = {9818B8BE-F113-41C3-9CAE-AC361E23A8C9}
	EndGlobalSection
EndGlobal
